
Microsoft Visual Studio Solution File, Format Version 12.00
# Visual Studio Version 17
VisualStudioVersion = 17.1.32210.238
MinimumVisualStudioVersion = 10.0.40219.1
Project("{9A19103F-16F7-4668-BE54-9A1E7A4F7556}") = "Triggered", "Triggered\Triggered.csproj", "{55090C00-A63C-45F4-9E8E-91F82793236A}"
EndProject
Project("{9A19103F-16F7-4668-BE54-9A1E7A4F7556}") = "TwitchLib.Api", "TwitchLib\TwitchLib.Api\TwitchLib.Api\TwitchLib.Api.csproj", "{2DE6B695-3C71-47CE-89EF-93B8C9CC39B3}"
EndProject
Project("{9A19103F-16F7-4668-BE54-9A1E7A4F7556}") = "TwitchLib.Api.Core", "TwitchLib\TwitchLib.Api\TwitchLib.Api.Core\TwitchLib.Api.Core.csproj", "{E27C0C19-739D-4818-955D-897101F2A105}"
EndProject
Project("{9A19103F-16F7-4668-BE54-9A1E7A4F7556}") = "TwitchLib.Api.Core.Enums", "TwitchLib\TwitchLib.Api\TwitchLib.Api.Core.Enums\TwitchLib.Api.Core.Enums.csproj", "{FF4B5E9D-0B22-476A-8A28-58BBB20117B8}"
EndProject
Project("{2150E333-8FDC-42A3-9474-1A3956D46DE8}") = "TwitchLib", "TwitchLib", "{A592297B-B273-4880-BE32-0AF5B99620DF}"
EndProject
Project("{9A19103F-16F7-4668-BE54-9A1E7A4F7556}") = "TwitchLib.Api.Core.Interfaces", "TwitchLib\TwitchLib.Api\TwitchLib.Api.Core.Interfaces\TwitchLib.Api.Core.Interfaces.csproj", "{5CCA14A7-0B7D-4EA7-8A72-5BDFEB5785CC}"
EndProject
Project("{9A19103F-16F7-4668-BE54-9A1E7A4F7556}") = "TwitchLib.Api.Core.Models", "TwitchLib\TwitchLib.Api\TwitchLib.Api.Core.Models\TwitchLib.Api.Core.Models.csproj", "{11578274-5C60-4EE1-BBCE-40A3C41FF6B9}"
EndProject
Project("{9A19103F-16F7-4668-BE54-9A1E7A4F7556}") = "TwitchLib.Api.Helix", "TwitchLib\TwitchLib.Api\TwitchLib.Api.Helix\TwitchLib.Api.Helix.csproj", "{4043E23D-6134-44FC-864E-F281AC06C9F4}"
EndProject
Project("{9A19103F-16F7-4668-BE54-9A1E7A4F7556}") = "TwitchLib.Api.Helix.Models", "TwitchLib\TwitchLib.Api\TwitchLib.Api.Helix.Models\TwitchLib.Api.Helix.Models.csproj", "{2922CA16-48DE-4AB9-847D-BB0714B8C00D}"
EndProject
Project("{9A19103F-16F7-4668-BE54-9A1E7A4F7556}") = "TwitchLib.Api.V5", "TwitchLib\TwitchLib.Api\TwitchLib.Api.V5\TwitchLib.Api.V5.csproj", "{F4CCCBE7-D696-4853-83D3-531F4324BFA1}"
EndProject
Project("{9A19103F-16F7-4668-BE54-9A1E7A4F7556}") = "TwitchLib.Api.V5.Models", "TwitchLib\TwitchLib.Api\TwitchLib.Api.V5.Models\TwitchLib.Api.V5.Models.csproj", "{450CBBE4-08B5-42BB-8817-C04E9A700A09}"
EndProject
Project("{2150E333-8FDC-42A3-9474-1A3956D46DE8}") = "External", "External", "{BE921A7D-2D3D-4F2D-B62C-973EFE5A2B1F}"
EndProject
Project("{9A19103F-16F7-4668-BE54-9A1E7A4F7556}") = "obs-websocket-dotnet", "obs-websocket-dotnet\obs-websocket-dotnet\obs-websocket-dotnet.csproj", "{3DBBD755-8610-4C4A-8B9A-474265C51155}"
EndProject
Project("{9A19103F-16F7-4668-BE54-9A1E7A4F7556}") = "TwitchLib.Communication", "TwitchLib.Communication\src\TwitchLib.Communication\TwitchLib.Communication.csproj", "{AEF4AC96-1B52-422B-846F-815AF7E168BB}"
EndProject
Project("{9A19103F-16F7-4668-BE54-9A1E7A4F7556}") = "TwitchLib.EventSub.Webhooks", "TwitchLib.EventSub.Webhooks\TwitchLib.EventSub.Webhooks\TwitchLib.EventSub.Webhooks.csproj", "{77E63C80-2B9A-478C-A3F7-1FD9745FAC56}"
EndProject
Project("{9A19103F-16F7-4668-BE54-9A1E7A4F7556}") = "TwitchLib.Client", "TwitchLib\TwitchLib.Client\TwitchLib.Client\TwitchLib.Client.csproj", "{25DD421A-7C8E-41A0-B970-D02087D4139D}"
EndProject
Project("{9A19103F-16F7-4668-BE54-9A1E7A4F7556}") = "TwitchLib.Client.Enums", "TwitchLib\TwitchLib.Client\TwitchLib.Client.Enums\TwitchLib.Client.Enums.csproj", "{5E594038-151C-457E-9C35-A5D3052B5255}"
EndProject
Project("{9A19103F-16F7-4668-BE54-9A1E7A4F7556}") = "TwitchLib.Client.Models", "TwitchLib\TwitchLib.Client\TwitchLib.Client.Models\TwitchLib.Client.Models.csproj", "{066B85AE-0319-4E2A-A36D-9879B3E46C3D}"
EndProject
Project("{2150E333-8FDC-42A3-9474-1A3956D46DE8}") = "Dependencies", "Dependencies", "{5817EF61-D66C-4CFB-AF30-4ED8172EEBC3}"
EndProject
Project("{9A19103F-16F7-4668-BE54-9A1E7A4F7556}") = "TwitchLib.PubSub", "TwitchLib\TwitchLib.PubSub\TwitchLib.PubSub\TwitchLib.PubSub.csproj", "{CA42042C-CE88-486A-8975-225E3274A705}"
EndProject
Project("{9A19103F-16F7-4668-BE54-9A1E7A4F7556}") = "Triggered.Launcher", "Triggered.Launcher\Triggered.Launcher.csproj", "{DA589DC4-CA9B-4032-97E5-E99A62D84307}"
EndProject
Project("{9A19103F-16F7-4668-BE54-9A1E7A4F7556}") = "ModuleMaker", "ModuleMaker\ModuleMaker.csproj", "{C52911B4-3AC5-4650-9C2D-E2222720D67F}"
EndProject
Project("{2150E333-8FDC-42A3-9474-1A3956D46DE8}") = "Discord.Net", "Discord.Net", "{6FB25962-0E89-4122-85C9-B662E16FD02D}"
EndProject
Project("{9A19103F-16F7-4668-BE54-9A1E7A4F7556}") = "Discord.Net.Core", "Discord.Net\src\Discord.Net.Core\Discord.Net.Core.csproj", "{DB4564B2-2A46-4A78-B7D8-146F5FB176B5}"
EndProject
Project("{9A19103F-16F7-4668-BE54-9A1E7A4F7556}") = "Discord.Net.Rest", "Discord.Net\src\Discord.Net.Rest\Discord.Net.Rest.csproj", "{33DD4F98-BFBA-4332-8656-7880981A6EEF}"
EndProject
Project("{9A19103F-16F7-4668-BE54-9A1E7A4F7556}") = "Discord.Net.WebSocket", "Discord.Net\src\Discord.Net.WebSocket\Discord.Net.WebSocket.csproj", "{57378719-2FF0-4A40-9869-4330EE3DEF45}"
EndProject
Project("{9A19103F-16F7-4668-BE54-9A1E7A4F7556}") = "Discord.Net.Commands", "Discord.Net\src\Discord.Net.Commands\Discord.Net.Commands.csproj", "{8124B9AA-5A90-44E7-A6BB-17EE60D01F75}"
EndProject
Project("{9A19103F-16F7-4668-BE54-9A1E7A4F7556}") = "Discord.Net.Webhook", "Discord.Net\src\Discord.Net.Webhook\Discord.Net.Webhook.csproj", "{BE6724F3-74BF-4EBC-8678-03C97A0F1072}"
EndProject
Project("{9A19103F-16F7-4668-BE54-9A1E7A4F7556}") = "Discord.Net.Interactions", "Discord.Net\src\Discord.Net.Interactions\Discord.Net.Interactions.csproj", "{26427ECE-2C87-435B-83CA-8BC5DD2F4732}"
EndProject
Project("{9A19103F-16F7-4668-BE54-9A1E7A4F7556}") = "Triggered.Proxy", "Triggered.Proxy\Triggered.Proxy.csproj", "{0DB4D0D6-3D1B-4669-A5FB-DDE76C6CD153}"
EndProject
Global
	GlobalSection(SolutionConfigurationPlatforms) = preSolution
		Debug|Any CPU = Debug|Any CPU
		Release|Any CPU = Release|Any CPU
	EndGlobalSection
	GlobalSection(ProjectConfigurationPlatforms) = postSolution
		{55090C00-A63C-45F4-9E8E-91F82793236A}.Debug|Any CPU.ActiveCfg = Debug|Any CPU
		{55090C00-A63C-45F4-9E8E-91F82793236A}.Debug|Any CPU.Build.0 = Debug|Any CPU
		{55090C00-A63C-45F4-9E8E-91F82793236A}.Release|Any CPU.ActiveCfg = Release|Any CPU
		{55090C00-A63C-45F4-9E8E-91F82793236A}.Release|Any CPU.Build.0 = Release|Any CPU
		{2DE6B695-3C71-47CE-89EF-93B8C9CC39B3}.Debug|Any CPU.ActiveCfg = Debug|Any CPU
		{2DE6B695-3C71-47CE-89EF-93B8C9CC39B3}.Debug|Any CPU.Build.0 = Debug|Any CPU
		{2DE6B695-3C71-47CE-89EF-93B8C9CC39B3}.Release|Any CPU.ActiveCfg = Release|Any CPU
		{2DE6B695-3C71-47CE-89EF-93B8C9CC39B3}.Release|Any CPU.Build.0 = Release|Any CPU
		{E27C0C19-739D-4818-955D-897101F2A105}.Debug|Any CPU.ActiveCfg = Debug|Any CPU
		{E27C0C19-739D-4818-955D-897101F2A105}.Debug|Any CPU.Build.0 = Debug|Any CPU
		{E27C0C19-739D-4818-955D-897101F2A105}.Release|Any CPU.ActiveCfg = Release|Any CPU
		{E27C0C19-739D-4818-955D-897101F2A105}.Release|Any CPU.Build.0 = Release|Any CPU
		{FF4B5E9D-0B22-476A-8A28-58BBB20117B8}.Debug|Any CPU.ActiveCfg = Debug|Any CPU
		{FF4B5E9D-0B22-476A-8A28-58BBB20117B8}.Debug|Any CPU.Build.0 = Debug|Any CPU
		{FF4B5E9D-0B22-476A-8A28-58BBB20117B8}.Release|Any CPU.ActiveCfg = Release|Any CPU
		{FF4B5E9D-0B22-476A-8A28-58BBB20117B8}.Release|Any CPU.Build.0 = Release|Any CPU
		{5CCA14A7-0B7D-4EA7-8A72-5BDFEB5785CC}.Debug|Any CPU.ActiveCfg = Debug|Any CPU
		{5CCA14A7-0B7D-4EA7-8A72-5BDFEB5785CC}.Debug|Any CPU.Build.0 = Debug|Any CPU
		{5CCA14A7-0B7D-4EA7-8A72-5BDFEB5785CC}.Release|Any CPU.ActiveCfg = Release|Any CPU
		{5CCA14A7-0B7D-4EA7-8A72-5BDFEB5785CC}.Release|Any CPU.Build.0 = Release|Any CPU
		{11578274-5C60-4EE1-BBCE-40A3C41FF6B9}.Debug|Any CPU.ActiveCfg = Debug|Any CPU
		{11578274-5C60-4EE1-BBCE-40A3C41FF6B9}.Debug|Any CPU.Build.0 = Debug|Any CPU
		{11578274-5C60-4EE1-BBCE-40A3C41FF6B9}.Release|Any CPU.ActiveCfg = Release|Any CPU
		{11578274-5C60-4EE1-BBCE-40A3C41FF6B9}.Release|Any CPU.Build.0 = Release|Any CPU
		{4043E23D-6134-44FC-864E-F281AC06C9F4}.Debug|Any CPU.ActiveCfg = Debug|Any CPU
		{4043E23D-6134-44FC-864E-F281AC06C9F4}.Debug|Any CPU.Build.0 = Debug|Any CPU
		{4043E23D-6134-44FC-864E-F281AC06C9F4}.Release|Any CPU.ActiveCfg = Release|Any CPU
		{4043E23D-6134-44FC-864E-F281AC06C9F4}.Release|Any CPU.Build.0 = Release|Any CPU
		{2922CA16-48DE-4AB9-847D-BB0714B8C00D}.Debug|Any CPU.ActiveCfg = Debug|Any CPU
		{2922CA16-48DE-4AB9-847D-BB0714B8C00D}.Debug|Any CPU.Build.0 = Debug|Any CPU
		{2922CA16-48DE-4AB9-847D-BB0714B8C00D}.Release|Any CPU.ActiveCfg = Release|Any CPU
		{2922CA16-48DE-4AB9-847D-BB0714B8C00D}.Release|Any CPU.Build.0 = Release|Any CPU
		{F4CCCBE7-D696-4853-83D3-531F4324BFA1}.Debug|Any CPU.ActiveCfg = Debug|Any CPU
		{F4CCCBE7-D696-4853-83D3-531F4324BFA1}.Debug|Any CPU.Build.0 = Debug|Any CPU
		{F4CCCBE7-D696-4853-83D3-531F4324BFA1}.Release|Any CPU.ActiveCfg = Release|Any CPU
		{F4CCCBE7-D696-4853-83D3-531F4324BFA1}.Release|Any CPU.Build.0 = Release|Any CPU
		{450CBBE4-08B5-42BB-8817-C04E9A700A09}.Debug|Any CPU.ActiveCfg = Debug|Any CPU
		{450CBBE4-08B5-42BB-8817-C04E9A700A09}.Debug|Any CPU.Build.0 = Debug|Any CPU
		{450CBBE4-08B5-42BB-8817-C04E9A700A09}.Release|Any CPU.ActiveCfg = Release|Any CPU
		{450CBBE4-08B5-42BB-8817-C04E9A700A09}.Release|Any CPU.Build.0 = Release|Any CPU
		{3DBBD755-8610-4C4A-8B9A-474265C51155}.Debug|Any CPU.ActiveCfg = Debug|Any CPU
		{3DBBD755-8610-4C4A-8B9A-474265C51155}.Debug|Any CPU.Build.0 = Debug|Any CPU
		{3DBBD755-8610-4C4A-8B9A-474265C51155}.Release|Any CPU.ActiveCfg = Release|Any CPU
		{3DBBD755-8610-4C4A-8B9A-474265C51155}.Release|Any CPU.Build.0 = Release|Any CPU
		{AEF4AC96-1B52-422B-846F-815AF7E168BB}.Debug|Any CPU.ActiveCfg = Debug|Any CPU
		{AEF4AC96-1B52-422B-846F-815AF7E168BB}.Debug|Any CPU.Build.0 = Debug|Any CPU
		{AEF4AC96-1B52-422B-846F-815AF7E168BB}.Release|Any CPU.ActiveCfg = Release|Any CPU
		{AEF4AC96-1B52-422B-846F-815AF7E168BB}.Release|Any CPU.Build.0 = Release|Any CPU
		{77E63C80-2B9A-478C-A3F7-1FD9745FAC56}.Debug|Any CPU.ActiveCfg = Debug|Any CPU
		{77E63C80-2B9A-478C-A3F7-1FD9745FAC56}.Debug|Any CPU.Build.0 = Debug|Any CPU
		{77E63C80-2B9A-478C-A3F7-1FD9745FAC56}.Release|Any CPU.ActiveCfg = Release|Any CPU
		{77E63C80-2B9A-478C-A3F7-1FD9745FAC56}.Release|Any CPU.Build.0 = Release|Any CPU
		{25DD421A-7C8E-41A0-B970-D02087D4139D}.Debug|Any CPU.ActiveCfg = Debug|Any CPU
		{25DD421A-7C8E-41A0-B970-D02087D4139D}.Debug|Any CPU.Build.0 = Debug|Any CPU
		{25DD421A-7C8E-41A0-B970-D02087D4139D}.Release|Any CPU.ActiveCfg = Release|Any CPU
		{25DD421A-7C8E-41A0-B970-D02087D4139D}.Release|Any CPU.Build.0 = Release|Any CPU
		{5E594038-151C-457E-9C35-A5D3052B5255}.Debug|Any CPU.ActiveCfg = Debug|Any CPU
		{5E594038-151C-457E-9C35-A5D3052B5255}.Debug|Any CPU.Build.0 = Debug|Any CPU
		{5E594038-151C-457E-9C35-A5D3052B5255}.Release|Any CPU.ActiveCfg = Release|Any CPU
		{5E594038-151C-457E-9C35-A5D3052B5255}.Release|Any CPU.Build.0 = Release|Any CPU
		{066B85AE-0319-4E2A-A36D-9879B3E46C3D}.Debug|Any CPU.ActiveCfg = Debug|Any CPU
		{066B85AE-0319-4E2A-A36D-9879B3E46C3D}.Debug|Any CPU.Build.0 = Debug|Any CPU
		{066B85AE-0319-4E2A-A36D-9879B3E46C3D}.Release|Any CPU.ActiveCfg = Release|Any CPU
		{066B85AE-0319-4E2A-A36D-9879B3E46C3D}.Release|Any CPU.Build.0 = Release|Any CPU
		{CA42042C-CE88-486A-8975-225E3274A705}.Debug|Any CPU.ActiveCfg = Debug|Any CPU
		{CA42042C-CE88-486A-8975-225E3274A705}.Debug|Any CPU.Build.0 = Debug|Any CPU
		{CA42042C-CE88-486A-8975-225E3274A705}.Release|Any CPU.ActiveCfg = Release|Any CPU
		{CA42042C-CE88-486A-8975-225E3274A705}.Release|Any CPU.Build.0 = Release|Any CPU
		{DA589DC4-CA9B-4032-97E5-E99A62D84307}.Debug|Any CPU.ActiveCfg = Debug|Any CPU
		{DA589DC4-CA9B-4032-97E5-E99A62D84307}.Debug|Any CPU.Build.0 = Debug|Any CPU
		{DA589DC4-CA9B-4032-97E5-E99A62D84307}.Release|Any CPU.ActiveCfg = Release|Any CPU
		{DA589DC4-CA9B-4032-97E5-E99A62D84307}.Release|Any CPU.Build.0 = Release|Any CPU
		{C52911B4-3AC5-4650-9C2D-E2222720D67F}.Debug|Any CPU.ActiveCfg = Debug|Any CPU
		{C52911B4-3AC5-4650-9C2D-E2222720D67F}.Debug|Any CPU.Build.0 = Debug|Any CPU
		{C52911B4-3AC5-4650-9C2D-E2222720D67F}.Release|Any CPU.ActiveCfg = Release|Any CPU
		{C52911B4-3AC5-4650-9C2D-E2222720D67F}.Release|Any CPU.Build.0 = Release|Any CPU
		{DB4564B2-2A46-4A78-B7D8-146F5FB176B5}.Debug|Any CPU.ActiveCfg = Debug|Any CPU
		{DB4564B2-2A46-4A78-B7D8-146F5FB176B5}.Debug|Any CPU.Build.0 = Debug|Any CPU
		{DB4564B2-2A46-4A78-B7D8-146F5FB176B5}.Release|Any CPU.ActiveCfg = Release|Any CPU
		{DB4564B2-2A46-4A78-B7D8-146F5FB176B5}.Release|Any CPU.Build.0 = Release|Any CPU
		{33DD4F98-BFBA-4332-8656-7880981A6EEF}.Debug|Any CPU.ActiveCfg = Debug|Any CPU
		{33DD4F98-BFBA-4332-8656-7880981A6EEF}.Debug|Any CPU.Build.0 = Debug|Any CPU
		{33DD4F98-BFBA-4332-8656-7880981A6EEF}.Release|Any CPU.ActiveCfg = Release|Any CPU
		{33DD4F98-BFBA-4332-8656-7880981A6EEF}.Release|Any CPU.Build.0 = Release|Any CPU
		{57378719-2FF0-4A40-9869-4330EE3DEF45}.Debug|Any CPU.ActiveCfg = Debug|Any CPU
		{57378719-2FF0-4A40-9869-4330EE3DEF45}.Debug|Any CPU.Build.0 = Debug|Any CPU
		{57378719-2FF0-4A40-9869-4330EE3DEF45}.Release|Any CPU.ActiveCfg = Release|Any CPU
		{57378719-2FF0-4A40-9869-4330EE3DEF45}.Release|Any CPU.Build.0 = Release|Any CPU
		{8124B9AA-5A90-44E7-A6BB-17EE60D01F75}.Debug|Any CPU.ActiveCfg = Debug|Any CPU
		{8124B9AA-5A90-44E7-A6BB-17EE60D01F75}.Debug|Any CPU.Build.0 = Debug|Any CPU
		{8124B9AA-5A90-44E7-A6BB-17EE60D01F75}.Release|Any CPU.ActiveCfg = Release|Any CPU
		{8124B9AA-5A90-44E7-A6BB-17EE60D01F75}.Release|Any CPU.Build.0 = Release|Any CPU
		{BE6724F3-74BF-4EBC-8678-03C97A0F1072}.Debug|Any CPU.ActiveCfg = Debug|Any CPU
		{BE6724F3-74BF-4EBC-8678-03C97A0F1072}.Debug|Any CPU.Build.0 = Debug|Any CPU
		{BE6724F3-74BF-4EBC-8678-03C97A0F1072}.Release|Any CPU.ActiveCfg = Release|Any CPU
		{BE6724F3-74BF-4EBC-8678-03C97A0F1072}.Release|Any CPU.Build.0 = Release|Any CPU
		{26427ECE-2C87-435B-83CA-8BC5DD2F4732}.Debug|Any CPU.ActiveCfg = Debug|Any CPU
		{26427ECE-2C87-435B-83CA-8BC5DD2F4732}.Debug|Any CPU.Build.0 = Debug|Any CPU
		{26427ECE-2C87-435B-83CA-8BC5DD2F4732}.Release|Any CPU.ActiveCfg = Release|Any CPU
		{26427ECE-2C87-435B-83CA-8BC5DD2F4732}.Release|Any CPU.Build.0 = Release|Any CPU
		{0DB4D0D6-3D1B-4669-A5FB-DDE76C6CD153}.Debug|Any CPU.ActiveCfg = Debug|Any CPU
		{0DB4D0D6-3D1B-4669-A5FB-DDE76C6CD153}.Debug|Any CPU.Build.0 = Debug|Any CPU
		{0DB4D0D6-3D1B-4669-A5FB-DDE76C6CD153}.Release|Any CPU.ActiveCfg = Release|Any CPU
		{0DB4D0D6-3D1B-4669-A5FB-DDE76C6CD153}.Release|Any CPU.Build.0 = Release|Any CPU
	EndGlobalSection
	GlobalSection(SolutionProperties) = preSolution
		HideSolutionNode = FALSE
	EndGlobalSection
	GlobalSection(NestedProjects) = preSolution
		{2DE6B695-3C71-47CE-89EF-93B8C9CC39B3} = {A592297B-B273-4880-BE32-0AF5B99620DF}
		{E27C0C19-739D-4818-955D-897101F2A105} = {5817EF61-D66C-4CFB-AF30-4ED8172EEBC3}
		{FF4B5E9D-0B22-476A-8A28-58BBB20117B8} = {5817EF61-D66C-4CFB-AF30-4ED8172EEBC3}
		{A592297B-B273-4880-BE32-0AF5B99620DF} = {BE921A7D-2D3D-4F2D-B62C-973EFE5A2B1F}
		{5CCA14A7-0B7D-4EA7-8A72-5BDFEB5785CC} = {5817EF61-D66C-4CFB-AF30-4ED8172EEBC3}
		{11578274-5C60-4EE1-BBCE-40A3C41FF6B9} = {5817EF61-D66C-4CFB-AF30-4ED8172EEBC3}
		{4043E23D-6134-44FC-864E-F281AC06C9F4} = {5817EF61-D66C-4CFB-AF30-4ED8172EEBC3}
		{2922CA16-48DE-4AB9-847D-BB0714B8C00D} = {5817EF61-D66C-4CFB-AF30-4ED8172EEBC3}
		{F4CCCBE7-D696-4853-83D3-531F4324BFA1} = {5817EF61-D66C-4CFB-AF30-4ED8172EEBC3}
		{450CBBE4-08B5-42BB-8817-C04E9A700A09} = {5817EF61-D66C-4CFB-AF30-4ED8172EEBC3}
		{3DBBD755-8610-4C4A-8B9A-474265C51155} = {BE921A7D-2D3D-4F2D-B62C-973EFE5A2B1F}
		{AEF4AC96-1B52-422B-846F-815AF7E168BB} = {5817EF61-D66C-4CFB-AF30-4ED8172EEBC3}
		{77E63C80-2B9A-478C-A3F7-1FD9745FAC56} = {A592297B-B273-4880-BE32-0AF5B99620DF}
		{25DD421A-7C8E-41A0-B970-D02087D4139D} = {A592297B-B273-4880-BE32-0AF5B99620DF}
		{5E594038-151C-457E-9C35-A5D3052B5255} = {5817EF61-D66C-4CFB-AF30-4ED8172EEBC3}
		{066B85AE-0319-4E2A-A36D-9879B3E46C3D} = {5817EF61-D66C-4CFB-AF30-4ED8172EEBC3}
		{5817EF61-D66C-4CFB-AF30-4ED8172EEBC3} = {A592297B-B273-4880-BE32-0AF5B99620DF}
		{CA42042C-CE88-486A-8975-225E3274A705} = {A592297B-B273-4880-BE32-0AF5B99620DF}
		{6FB25962-0E89-4122-85C9-B662E16FD02D} = {BE921A7D-2D3D-4F2D-B62C-973EFE5A2B1F}
		{DB4564B2-2A46-4A78-B7D8-146F5FB176B5} = {6FB25962-0E89-4122-85C9-B662E16FD02D}
		{33DD4F98-BFBA-4332-8656-7880981A6EEF} = {6FB25962-0E89-4122-85C9-B662E16FD02D}
		{57378719-2FF0-4A40-9869-4330EE3DEF45} = {6FB25962-0E89-4122-85C9-B662E16FD02D}
		{8124B9AA-5A90-44E7-A6BB-17EE60D01F75} = {6FB25962-0E89-4122-85C9-B662E16FD02D}
		{BE6724F3-74BF-4EBC-8678-03C97A0F1072} = {6FB25962-0E89-4122-85C9-B662E16FD02D}
		{26427ECE-2C87-435B-83CA-8BC5DD2F4732} = {6FB25962-0E89-4122-85C9-B662E16FD02D}
	EndGlobalSection
	GlobalSection(ExtensibilityGlobals) = postSolution
		SolutionGuid = {CE9B7350-96F3-468E-AE13-0A52C16863EA}
	EndGlobalSection
EndGlobal
