
Microsoft Visual Studio Solution File, Format Version 12.00
# Visual Studio Version 17
VisualStudioVersion = 17.1.32210.238
MinimumVisualStudioVersion = 10.0.40219.1
Project("{FAE04EC0-301F-11D3-BF4B-00C04F79EFBC}") = "ModuleMaker", "ModuleMaker.csproj", "{204EB8C4-F9CC-4237-B880-B39BF77C106A}"
EndProject
Global
	GlobalSection(SolutionConfigurationPlatforms) = preSolution
		Debug|Any CPU = Debug|Any CPU
		Release|Any CPU = Release|Any CPU
	EndGlobalSection
	GlobalSection(ProjectConfigurationPlatforms) = postSolution
		{204EB8C4-F9CC-4237-B880-B39BF77C106A}.Debug|Any CPU.ActiveCfg = Debug|Any CPU
		{204EB8C4-F9CC-4237-B880-B39BF77C106A}.Debug|Any CPU.Build.0 = Debug|Any CPU
		{204EB8C4-F9CC-4237-B880-B39BF77C106A}.Release|Any CPU.ActiveCfg = Release|Any CPU
		{204EB8C4-F9CC-4237-B880-B39BF77C106A}.Release|Any CPU.Build.0 = Release|Any CPU
	EndGlobalSection
	GlobalSection(SolutionProperties) = preSolution
		HideSolutionNode = FALSE
	EndGlobalSection
	GlobalSection(ExtensibilityGlobals) = postSolution
		SolutionGuid = {B5540D2E-5D69-4E5A-9887-394067A100DC}
	EndGlobalSection
EndGlobal
